
Microsoft Visual Studio Solution File, Format Version 12.00
# Visual Studio Version 17
VisualStudioVersion = 17.14.36429.23
MinimumVisualStudioVersion = 10.0.40219.1
Project("{FAE04EC0-301F-11D3-BF4B-00C04F79EFBC}") = "ConsoleAppPrimeBigInt", "ConsoleAppPrimeBigInt\ConsoleAppPrimeBigInt.csproj", "{BB14D6C0-C265-4F29-A583-36F58A45B8FF}"
EndProject
Project("{FAE04EC0-301F-11D3-BF4B-00C04F79EFBC}") = "PrimeLibrary", "PrimeLibrary\PrimeLibrary.csproj", "{BE5D017C-BB5B-4A82-9939-5AE39CC771A7}"
EndProject
Project("{FAE04EC0-301F-11D3-BF4B-00C04F79EFBC}") = "UnitTestProjectPrime", "UnitTestProjectPrime\UnitTestProjectPrime.csproj", "{E3BC5C63-005F-4738-8313-694E6131F6A5}"
EndProject
Project("{8BC9CEB8-8B4A-11D0-8D11-00A0C91BC942}") = "ConsoleApplicationPrimeCpp", "ConsoleApplicationPrimeCpp\ConsoleApplicationPrimeCpp.vcxproj", "{A15A8328-8A93-480C-993C-B43D791487B7}"
EndProject
Global
	GlobalSection(SolutionConfigurationPlatforms) = preSolution
		Debug|Any CPU = Debug|Any CPU
		Debug|x64 = Debug|x64
		Debug|x86 = Debug|x86
		Release|Any CPU = Release|Any CPU
		Release|x64 = Release|x64
		Release|x86 = Release|x86
	EndGlobalSection
	GlobalSection(ProjectConfigurationPlatforms) = postSolution
		{BB14D6C0-C265-4F29-A583-36F58A45B8FF}.Debug|Any CPU.ActiveCfg = Debug|Any CPU
		{BB14D6C0-C265-4F29-A583-36F58A45B8FF}.Debug|Any CPU.Build.0 = Debug|Any CPU
		{BB14D6C0-C265-4F29-A583-36F58A45B8FF}.Debug|x64.ActiveCfg = Debug|Any CPU
		{BB14D6C0-C265-4F29-A583-36F58A45B8FF}.Debug|x64.Build.0 = Debug|Any CPU
		{BB14D6C0-C265-4F29-A583-36F58A45B8FF}.Debug|x86.ActiveCfg = Debug|Any CPU
		{BB14D6C0-C265-4F29-A583-36F58A45B8FF}.Debug|x86.Build.0 = Debug|Any CPU
		{BB14D6C0-C265-4F29-A583-36F58A45B8FF}.Release|Any CPU.ActiveCfg = Release|Any CPU
		{BB14D6C0-C265-4F29-A583-36F58A45B8FF}.Release|Any CPU.Build.0 = Release|Any CPU
		{BB14D6C0-C265-4F29-A583-36F58A45B8FF}.Release|x64.ActiveCfg = Release|Any CPU
		{BB14D6C0-C265-4F29-A583-36F58A45B8FF}.Release|x64.Build.0 = Release|Any CPU
		{BB14D6C0-C265-4F29-A583-36F58A45B8FF}.Release|x86.ActiveCfg = Release|Any CPU
		{BB14D6C0-C265-4F29-A583-36F58A45B8FF}.Release|x86.Build.0 = Release|Any CPU
		{BE5D017C-BB5B-4A82-9939-5AE39CC771A7}.Debug|Any CPU.ActiveCfg = Debug|Any CPU
		{BE5D017C-BB5B-4A82-9939-5AE39CC771A7}.Debug|Any CPU.Build.0 = Debug|Any CPU
		{BE5D017C-BB5B-4A82-9939-5AE39CC771A7}.Debug|x64.ActiveCfg = Debug|Any CPU
		{BE5D017C-BB5B-4A82-9939-5AE39CC771A7}.Debug|x64.Build.0 = Debug|Any CPU
		{BE5D017C-BB5B-4A82-9939-5AE39CC771A7}.Debug|x86.ActiveCfg = Debug|Any CPU
		{BE5D017C-BB5B-4A82-9939-5AE39CC771A7}.Debug|x86.Build.0 = Debug|Any CPU
		{BE5D017C-BB5B-4A82-9939-5AE39CC771A7}.Release|Any CPU.ActiveCfg = Release|Any CPU
		{BE5D017C-BB5B-4A82-9939-5AE39CC771A7}.Release|Any CPU.Build.0 = Release|Any CPU
		{BE5D017C-BB5B-4A82-9939-5AE39CC771A7}.Release|x64.ActiveCfg = Release|Any CPU
		{BE5D017C-BB5B-4A82-9939-5AE39CC771A7}.Release|x64.Build.0 = Release|Any CPU
		{BE5D017C-BB5B-4A82-9939-5AE39CC771A7}.Release|x86.ActiveCfg = Release|Any CPU
		{BE5D017C-BB5B-4A82-9939-5AE39CC771A7}.Release|x86.Build.0 = Release|Any CPU
		{E3BC5C63-005F-4738-8313-694E6131F6A5}.Debug|Any CPU.ActiveCfg = Debug|Any CPU
		{E3BC5C63-005F-4738-8313-694E6131F6A5}.Debug|Any CPU.Build.0 = Debug|Any CPU
		{E3BC5C63-005F-4738-8313-694E6131F6A5}.Debug|x64.ActiveCfg = Debug|Any CPU
		{E3BC5C63-005F-4738-8313-694E6131F6A5}.Debug|x64.Build.0 = Debug|Any CPU
		{E3BC5C63-005F-4738-8313-694E6131F6A5}.Debug|x86.ActiveCfg = Debug|Any CPU
		{E3BC5C63-005F-4738-8313-694E6131F6A5}.Debug|x86.Build.0 = Debug|Any CPU
		{E3BC5C63-005F-4738-8313-694E6131F6A5}.Release|Any CPU.ActiveCfg = Release|Any CPU
		{E3BC5C63-005F-4738-8313-694E6131F6A5}.Release|Any CPU.Build.0 = Release|Any CPU
		{E3BC5C63-005F-4738-8313-694E6131F6A5}.Release|x64.ActiveCfg = Release|Any CPU
		{E3BC5C63-005F-4738-8313-694E6131F6A5}.Release|x64.Build.0 = Release|Any CPU
		{E3BC5C63-005F-4738-8313-694E6131F6A5}.Release|x86.ActiveCfg = Release|Any CPU
		{E3BC5C63-005F-4738-8313-694E6131F6A5}.Release|x86.Build.0 = Release|Any CPU
		{A15A8328-8A93-480C-993C-B43D791487B7}.Debug|Any CPU.ActiveCfg = Debug|x64
		{A15A8328-8A93-480C-993C-B43D791487B7}.Debug|Any CPU.Build.0 = Debug|x64
		{A15A8328-8A93-480C-993C-B43D791487B7}.Debug|x64.ActiveCfg = Debug|x64
		{A15A8328-8A93-480C-993C-B43D791487B7}.Debug|x64.Build.0 = Debug|x64
		{A15A8328-8A93-480C-993C-B43D791487B7}.Debug|x86.ActiveCfg = Debug|Win32
		{A15A8328-8A93-480C-993C-B43D791487B7}.Debug|x86.Build.0 = Debug|Win32
		{A15A8328-8A93-480C-993C-B43D791487B7}.Release|Any CPU.ActiveCfg = Release|x64
		{A15A8328-8A93-480C-993C-B43D791487B7}.Release|Any CPU.Build.0 = Release|x64
		{A15A8328-8A93-480C-993C-B43D791487B7}.Release|x64.ActiveCfg = Release|x64
		{A15A8328-8A93-480C-993C-B43D791487B7}.Release|x64.Build.0 = Release|x64
		{A15A8328-8A93-480C-993C-B43D791487B7}.Release|x86.ActiveCfg = Release|Win32
		{A15A8328-8A93-480C-993C-B43D791487B7}.Release|x86.Build.0 = Release|Win32
	EndGlobalSection
	GlobalSection(SolutionProperties) = preSolution
		HideSolutionNode = FALSE
	EndGlobalSection
	GlobalSection(ExtensibilityGlobals) = postSolution
		SolutionGuid = {C182F95C-C406-4A40-8974-F38C6F737839}
	EndGlobalSection
EndGlobal
